
Microsoft Visual Studio Solution File, Format Version 12.00
# Visual Studio 14
VisualStudioVersion = 14.0.25123.0
MinimumVisualStudioVersion = 10.0.40219.1
Project("{002A2DE9-8BB6-484D-9802-7E4AD4084715}") = "ZeroLanguage", "ZeroLanguage\ZeroLanguage.visualdproj", "{33CD8EAC-58DE-4C1C-8F86-B76C272BB0AE}"
	ProjectSection(ProjectDependencies) = postProject
		{3F669064-0F32-47AC-B353-CDB7081620E7} = {3F669064-0F32-47AC-B353-CDB7081620E7}
	EndProjectSection
EndProject
Project("{002A2DE9-8BB6-484D-9802-7E4AD4084715}") = "Zero", "zero\Zero.visualdproj", "{03A53717-5041-476F-9D44-8FFE17B4024E}"
	ProjectSection(ProjectDependencies) = postProject
		{3F669064-0F32-47AC-B353-CDB7081620E7} = {3F669064-0F32-47AC-B353-CDB7081620E7}
		{33CD8EAC-58DE-4C1C-8F86-B76C272BB0AE} = {33CD8EAC-58DE-4C1C-8F86-B76C272BB0AE}
		{ADC19BD6-50C3-45EA-98A7-5AAB5408C6FA} = {ADC19BD6-50C3-45EA-98A7-5AAB5408C6FA}
	EndProjectSection
EndProject
Project("{002A2DE9-8BB6-484D-9802-7E4AD4084715}") = "pegged", "pegged\pegged.visualdproj", "{3F669064-0F32-47AC-B353-CDB7081620E7}"
EndProject
Project("{002A2DE9-8BB6-484D-9802-7E4AD4084715}") = "msgpack_d", "msgpack-d\msgpack-d.visualdproj", "{ADC19BD6-50C3-45EA-98A7-5AAB5408C6FA}"
EndProject
Global
	GlobalSection(SolutionConfigurationPlatforms) = preSolution
		Debug|x86 = Debug|x86
		Release|x86 = Release|x86
	EndGlobalSection
	GlobalSection(ProjectConfigurationPlatforms) = postSolution
		{33CD8EAC-58DE-4C1C-8F86-B76C272BB0AE}.Debug|x86.ActiveCfg = Debug|Win32
		{33CD8EAC-58DE-4C1C-8F86-B76C272BB0AE}.Debug|x86.Build.0 = Debug|Win32
		{33CD8EAC-58DE-4C1C-8F86-B76C272BB0AE}.Release|x86.ActiveCfg = Release|Win32
		{33CD8EAC-58DE-4C1C-8F86-B76C272BB0AE}.Release|x86.Build.0 = Release|Win32
		{03A53717-5041-476F-9D44-8FFE17B4024E}.Debug|x86.ActiveCfg = Debug|Win32
		{03A53717-5041-476F-9D44-8FFE17B4024E}.Debug|x86.Build.0 = Debug|Win32
		{03A53717-5041-476F-9D44-8FFE17B4024E}.Release|x86.ActiveCfg = Release|Win32
		{03A53717-5041-476F-9D44-8FFE17B4024E}.Release|x86.Build.0 = Release|Win32
		{3F669064-0F32-47AC-B353-CDB7081620E7}.Debug|x86.ActiveCfg = Debug|Win32
		{3F669064-0F32-47AC-B353-CDB7081620E7}.Debug|x86.Build.0 = Debug|Win32
		{3F669064-0F32-47AC-B353-CDB7081620E7}.Release|x86.ActiveCfg = Release|Win32
		{3F669064-0F32-47AC-B353-CDB7081620E7}.Release|x86.Build.0 = Release|Win32
		{ADC19BD6-50C3-45EA-98A7-5AAB5408C6FA}.Debug|x86.ActiveCfg = Debug|Win32
		{ADC19BD6-50C3-45EA-98A7-5AAB5408C6FA}.Debug|x86.Build.0 = Debug|Win32
		{ADC19BD6-50C3-45EA-98A7-5AAB5408C6FA}.Release|x86.ActiveCfg = Release|Win32
		{ADC19BD6-50C3-45EA-98A7-5AAB5408C6FA}.Release|x86.Build.0 = Release|Win32
	EndGlobalSection
	GlobalSection(SolutionProperties) = preSolution
		HideSolutionNode = FALSE
	EndGlobalSection
EndGlobal
